lockfileVersion: 5.3

specifiers:
  '@sveltejs/kit': next
  '@urql/svelte': 1.3.2
  graphql: 16.0.1
  prettier: 2.5.0
  prettier-plugin-svelte: 2.5.0
  svelte: 3.44.2

devDependencies:
  '@sveltejs/kit': 1.0.0-next.201_svelte@3.44.2
  '@urql/svelte': 1.3.2_graphql@16.0.1+svelte@3.44.2
  graphql: 16.0.1
  prettier: 2.5.0
  prettier-plugin-svelte: 2.5.0_prettier@2.5.0+svelte@3.44.2
  svelte: 3.44.2

packages:

  /@graphql-typed-document-node/core/3.1.0_graphql@16.0.1:
    resolution: {integrity: sha512-wYn6r8zVZyQJ6rQaALBEln5B1pzxb9shV5Ef97kTvn6yVGrqyXVnDqnU24MXnFubR+rZjBY9NWuxX3FB2sTsjg==}
    peerDependencies:
      graphql: ^0.8.0 || ^0.9.0 || ^0.10.0 || ^0.11.0 || ^0.12.0 || ^0.13.0 || ^14.0.0 || ^15.0.0
    dependencies:
      graphql: 16.0.1
    dev: true

  /@rollup/pluginutils/4.1.1:
    resolution: {integrity: sha512-clDjivHqWGXi7u+0d2r2sBi4Ie6VLEAzWMIkvJLnDmxoOhBYOTfzGbOQBA32THHm11/LiJbd01tJUpJsbshSWQ==}
    engines: {node: '>= 8.0.0'}
    dependencies:
      estree-walker: 2.0.2
      picomatch: 2.3.0
    dev: true

  /@sveltejs/kit/1.0.0-next.201_svelte@3.44.2:
    resolution: {integrity: sha512-WcYexOEPWgDWOk0oOteTU5QwWykdIcOFJig+akeHqwE/jVtPURLZFtTNx0ymUWXN4S+dUXf60KF6HEMv74FHpA==}
    engines: {node: '>=14.13'}
    hasBin: true
    peerDependencies:
      svelte: ^3.44.0
    dependencies:
      '@sveltejs/vite-plugin-svelte': 1.0.0-next.30_svelte@3.44.2+vite@2.6.13
      cheap-watch: 1.0.4
      sade: 1.7.4
      svelte: 3.44.2
      vite: 2.6.13
    transitivePeerDependencies:
      - diff-match-patch
      - less
      - sass
      - stylus
      - supports-color
    dev: true

  /@sveltejs/vite-plugin-svelte/1.0.0-next.30_svelte@3.44.2+vite@2.6.13:
    resolution: {integrity: sha512-YQqdMxjL1VgSFk4/+IY3yLwuRRapPafPiZTiaGEq1psbJYSNYUWx9F1zMm32GMsnogg3zn99mGJOqe3ld3HZSg==}
    engines: {node: ^14.13.1 || >= 16}
    peerDependencies:
      diff-match-patch: ^1.0.5
      svelte: ^3.44.0
      vite: ^2.6.0
    peerDependenciesMeta:
      diff-match-patch:
        optional: true
    dependencies:
      '@rollup/pluginutils': 4.1.1
      debug: 4.3.2
      kleur: 4.1.4
      magic-string: 0.25.7
      require-relative: 0.8.7
      svelte: 3.44.2
      svelte-hmr: 0.14.7_svelte@3.44.2
      vite: 2.6.13
    transitivePeerDependencies:
      - supports-color
    dev: true

  /@urql/core/2.3.4_graphql@16.0.1:
    resolution: {integrity: sha512-KXeR55ONqkTZ2gwNgyFGJEGRp1/jEnyqkFjEguknnG6GFaikAwAX0TMijKcX6ZQ4qE59cDtVEtSbqpVkd9XNmA==}
    peerDependencies:
      graphql: ^0.11.0 || ^0.12.0 || ^0.13.0 || ^14.0.0 || ^15.0.0
    dependencies:
      '@graphql-typed-document-node/core': 3.1.0_graphql@16.0.1
      graphql: 16.0.1
      wonka: 4.0.15
    dev: true

  /@urql/svelte/1.3.2_graphql@16.0.1+svelte@3.44.2:
    resolution: {integrity: sha512-L/fSKb+jTrxfeKbnA4+7T69sL0XlzMv4d9i0j9J+fCkBCpUOGgPsYzsyBttbVbjrlaw61Wrc6J2NKuokrd570w==}
    peerDependencies:
      graphql: ^0.11.0 || ^0.12.0 || ^0.13.0 || ^14.0.0 || ^15.0.0
      svelte: ^3.0.0
    dependencies:
      '@urql/core': 2.3.4_graphql@16.0.1
      graphql: 16.0.1
      svelte: 3.44.2
      wonka: 4.0.15
    dev: true

  /cheap-watch/1.0.4:
    resolution: {integrity: sha512-QR/9FrtRL5fjfUJBhAKCdi0lSRQ3rVRRum3GF9wDKp2TJbEIMGhUEr2yU8lORzm9Isdjx7/k9S0DFDx+z5VGtw==}
    engines: {node: '>=8'}
    dev: true

  /debug/4.3.2:
    resolution: {integrity: sha512-mOp8wKcvj7XxC78zLgw/ZA+6TSgkoE2C/ienthhRD298T7UNwAg9diBpLRxC0mOezLl4B0xV7M0cCO6P/O0Xhw==}
    engines: {node: '>=6.0'}
    peerDependencies:
      supports-color: '*'
    peerDependenciesMeta:
      supports-color:
        optional: true
    dependencies:
      ms: 2.1.2
    dev: true

  /esbuild-android-arm64/0.13.5:
    resolution: {integrity: sha512-xaNH58b9XRAWT5q0rwA2GNTgJynb51JhdotlNKdLmSCyKXPVlF87yqNLNdmlX/zndzRDrZdtpCWSALdn/J63Ug==}
    cpu: [arm64]
    os: [android]
    requiresBuild: true
    dev: true
    optional: true

  /esbuild-darwin-64/0.13.5:
    resolution: {integrity: sha512-ClGQeUObXIxEpZviGzjTinDikXy9XodojP9jLKwqLCBpZ9wdV3MW7JOmw60fgXgnbNRvkZCqM6uEi+ur8p80Ow==}
    cpu: [x64]
    os: [darwin]
    requiresBuild: true
    dev: true
    optional: true

  /esbuild-darwin-arm64/0.13.5:
    resolution: {integrity: sha512-qro6M/qzs1dBPh14Ca+5moIkLo2KE3ll3dOpiN7aAususkM1HmqQptCEchi0XwX+6nfqWI96YvVqPJ3DfUUK5A==}
    cpu: [arm64]
    os: [darwin]
    requiresBuild: true
    dev: true
    optional: true

  /esbuild-freebsd-64/0.13.5:
    resolution: {integrity: sha512-vklf7L7fghREEvS1sjAFcxcw/Qqt+Z+L0ySN+pEeb7rA8nPLfRBSFdXAru8UNuHsMWns6CrcZ5eDOKTerZZ5ng==}
    cpu: [x64]
    os: [freebsd]
    requiresBuild: true
    dev: true
    optional: true

  /esbuild-freebsd-arm64/0.13.5:
    resolution: {integrity: sha512-kJoouhbZt4QvjiPak7/Lz57Azok0CgFnNtixiOsqEQXTabIaKmMmnq4qgjD6EBFeU/hvSXDrPe6U8dWhBZOrWQ==}
    cpu: [arm64]
    os: [freebsd]
    requiresBuild: true
    dev: true
    optional: true

  /esbuild-linux-32/0.13.5:
    resolution: {integrity: sha512-/QufG6tTGKAf42pIYkOVZzKBPxF01xH1kCPyOFJZukZBV/Tk3TeOZfhJIAf7pxl4jhfa+c4Jcdp7CvIAjXrmJg==}
    cpu: [ia32]
    os: [linux]
    requiresBuild: true
    dev: true
    optional: true

  /esbuild-linux-64/0.13.5:
    resolution: {integrity: sha512-NmNFMXEthuFJTFaD4cLhAHCxg+y3uXzo7nqH/WNNSZ8PPY11jbeOvMbdArYlbo2Wy1N/mTHXMcK1synSJj+4Iw==}
    cpu: [x64]
    os: [linux]
    requiresBuild: true
    dev: true
    optional: true

  /esbuild-linux-arm/0.13.5:
    resolution: {integrity: sha512-69nQmbKLBRaAxf88diyaOyarrI7yIdBkZ8bmVzQ7XVWneY+nYIcGtugTSOs5znNGfPqGOElAjh1lX+0sGYHNpA==}
    cpu: [arm]
    os: [linux]
    requiresBuild: true
    dev: true
    optional: true

  /esbuild-linux-arm64/0.13.5:
    resolution: {integrity: sha512-dOS5EZsZj8Lw0TgEj3zy1/slTBbfBw4v7uHEqZXP34dUaRq2oltNaUYIj735CtgB7I5/MXrXEUYkXLqcVfzJQQ==}
    cpu: [arm64]
    os: [linux]
    requiresBuild: true
    dev: true
    optional: true

  /esbuild-linux-mips64le/0.13.5:
    resolution: {integrity: sha512-dmKA8ZI/nHwpxIQW/L5crk7Ac4wJJ2Kquvdo1CdXPW1UljMyKUDuHc4K7D1Iws5igqJmNO6U5vdRUKrdnIov6Q==}
    cpu: [mips64el]
    os: [linux]
    requiresBuild: true
    dev: true
    optional: true

  /esbuild-linux-ppc64le/0.13.5:
    resolution: {integrity: sha512-HkVGKkPL3XOhJqNOJ752Q1li5zeidrJHv+XWX6qCnCipNsVuGqaAGfxeWbL/+A/giolMlP7wvAuiKgoe+a5UAw==}
    cpu: [ppc64]
    os: [linux]
    requiresBuild: true
    dev: true
    optional: true

  /esbuild-openbsd-64/0.13.5:
    resolution: {integrity: sha512-BuOZzmdsdreSs0qDgbuiEhSbUDDW2Wyp4VtpNGBmaLwPMHftdprOJXLkeFud3HlnRB2n9qdiTVKg1B8YqMogSw==}
    cpu: [x64]
    os: [openbsd]
    requiresBuild: true
    dev: true
    optional: true

  /esbuild-sunos-64/0.13.5:
    resolution: {integrity: sha512-YJNB6Og1QYAPikvYDbqvk5xCqr6WL2i5cRWPGGgWOEItQPnq6gFsWogS3DiYM8TQKe50KRiD3Lwu7eNYsdPO4w==}
    cpu: [x64]
    os: [sunos]
    requiresBuild: true
    dev: true
    optional: true

  /esbuild-windows-32/0.13.5:
    resolution: {integrity: sha512-CigOlBSKsZ61IS+FyhD3luqCpl7LN9ntDaBZXumls/0IZ/8BJ5txqw4a6pv4LtnfIgt0ixGHSH7kAUmApw/HAw==}
    cpu: [ia32]
    os: [win32]
    requiresBuild: true
    dev: true
    optional: true

  /esbuild-windows-64/0.13.5:
    resolution: {integrity: sha512-pg2BZXLpcPcrIcmToGapLRExzj6sm0VmQlqlmnMOtIJh0YQV9c0CRbhfIT0gYvJqCz5JEGiRvYpArRlxWADN3Q==}
    cpu: [x64]
    os: [win32]
    requiresBuild: true
    dev: true
    optional: true

  /esbuild-windows-arm64/0.13.5:
    resolution: {integrity: sha512-KKRDmUOIE4oCvJp0I4p4QyazK2X79spF29vsZr2U8qHhmxbTLSQWvYmb2WlF5Clb1URRsX0L013rhwHx1SEu0w==}
    cpu: [arm64]
    os: [win32]
    requiresBuild: true
    dev: true
    optional: true

  /esbuild/0.13.5:
    resolution: {integrity: sha512-Q9/f1njsZaO+Qqe3dqAdtu4zGHNZIbcEtdg44/NooyPhqCerns4FeC1UPYeB4pKD08iDuWcmyINFJTqpdN+pqg==}
    hasBin: true
    requiresBuild: true
    optionalDependencies:
      esbuild-android-arm64: 0.13.5
      esbuild-darwin-64: 0.13.5
      esbuild-darwin-arm64: 0.13.5
      esbuild-freebsd-64: 0.13.5
      esbuild-freebsd-arm64: 0.13.5
      esbuild-linux-32: 0.13.5
      esbuild-linux-64: 0.13.5
      esbuild-linux-arm: 0.13.5
      esbuild-linux-arm64: 0.13.5
      esbuild-linux-mips64le: 0.13.5
      esbuild-linux-ppc64le: 0.13.5
      esbuild-openbsd-64: 0.13.5
      esbuild-sunos-64: 0.13.5
      esbuild-windows-32: 0.13.5
      esbuild-windows-64: 0.13.5
      esbuild-windows-arm64: 0.13.5
    dev: true

  /estree-walker/2.0.2:
    resolution: {integrity: sha512-Rfkk/Mp/DL7JVje3u18FxFujQlTNR2q6QfMSMB7AvCBx91NGj/ba3kCfza0f6dVDbw7YlRf/nDrn7pQrCCyQ/w==}
    dev: true

  /fsevents/2.3.2:
    resolution: {integrity: sha512-xiqMQR4xAeHTuB9uWm+fFRcIOgKBMiOBP+eXiyT7jsgVCq1bkVygt00oASowB7EdtpOHaaPgKt812P9ab+DDKA==}
    engines: {node: ^8.16.0 || ^10.6.0 || >=11.0.0}
    os: [darwin]
    requiresBuild: true
    dev: true
    optional: true

  /function-bind/1.1.1:
    resolution: {integrity: sha512-yIovAzMX49sF8Yl58fSCWJ5svSLuaibPxXQJFLmBObTuCr0Mf1KiPopGM9NiFjiYBCbfaa2Fh6breQ6ANVTI0A==}
    dev: true

  /graphql/16.0.1:
    resolution: {integrity: sha512-oPvCuu6dlLdiz8gZupJ47o1clgb72r1u8NDBcQYjcV6G/iEdmE11B1bBlkhXRvV0LisP/SXRFP7tT6AgaTjpzg==}
    engines: {node: ^12.22.0 || ^14.16.0 || >=16.0.0}
    dev: true

  /has/1.0.3:
    resolution: {integrity: sha512-f2dvO0VU6Oej7RkWJGrehjbzMAjFp5/VKPp5tTpWIV4JHHZK1/BxbFRtf/siA2SWTe09caDmVtYYzWEIbBS4zw==}
    engines: {node: '>= 0.4.0'}
    dependencies:
      function-bind: 1.1.1
    dev: true

  /is-core-module/2.7.0:
    resolution: {integrity: sha512-ByY+tjCciCr+9nLryBYcSD50EOGWt95c7tIsKTG1J2ixKKXPvF7Ej3AVd+UfDydAJom3biBGDBALaO79ktwgEQ==}
    dependencies:
      has: 1.0.3
    dev: true

  /kleur/4.1.4:
    resolution: {integrity: sha512-8QADVssbrFjivHWQU7KkMgptGTl6WAcSdlbBPY4uNF+mWr6DGcKrvY2w4FQJoXch7+fKMjj0dRrL75vk3k23OA==}
    engines: {node: '>=6'}
    dev: true

  /magic-string/0.25.7:
    resolution: {integrity: sha512-4CrMT5DOHTDk4HYDlzmwu4FVCcIYI8gauveasrdCu2IKIFOJ3f0v/8MDGJCDL9oD2ppz/Av1b0Nj345H9M+XIA==}
    dependencies:
      sourcemap-codec: 1.4.8
    dev: true

  /mri/1.2.0:
    resolution: {integrity: sha512-tzzskb3bG8LvYGFF/mDTpq3jpI6Q9wc3LEmBaghu+DdCssd1FakN7Bc0hVNmEyGq1bq3RgfkCb3cmQLpNPOroA==}
    engines: {node: '>=4'}
    dev: true

  /ms/2.1.2:
    resolution: {integrity: sha512-sGkPx+VjMtmA6MX27oA4FBFELFCZZ4S4XqeGOXCv68tT+jb3vk/RyaKWP0PTKyWtmLSM0b+adUTEvbs1PEaH2w==}
    dev: true

  /nanoid/3.1.29:
    resolution: {integrity: sha512-dW2pUSGZ8ZnCFIlBIA31SV8huOGCHb6OwzVCc7A69rb/a+SgPBwfmLvK5TKQ3INPbRkcI8a/Owo0XbiTNH19wg==}
    engines: {node: ^10 || ^12 || ^13.7 || ^14 || >=15.0.1}
    hasBin: true
    dev: true

  /path-parse/1.0.7:
    resolution: {integrity: sha512-LDJzPVEEEPR+y48z93A0Ed0yXb8pAByGWo/k5YYdYgpY2/2EsOsksJrq7lOHxryrVOn1ejG6oAp8ahvOIQD8sw==}
    dev: true

  /picocolors/0.2.1:
    resolution: {integrity: sha512-cMlDqaLEqfSaW8Z7N5Jw+lyIW869EzT73/F5lhtY9cLGoVxSXznfgfXMO0Z5K0o0Q2TkTXq+0KFsdnSe3jDViA==}
    dev: true

  /picomatch/2.3.0:
    resolution: {integrity: sha512-lY1Q/PiJGC2zOv/z391WOTD+Z02bCgsFfvxoXXf6h7kv9o+WmsmzYqrAwY63sNgOxE4xEdq0WyUnXfKeBrSvYw==}
    engines: {node: '>=8.6'}
    dev: true

  /postcss/8.3.9:
    resolution: {integrity: sha512-f/ZFyAKh9Dnqytx5X62jgjhhzttjZS7hMsohcI7HEI5tjELX/HxCy3EFhsRxyzGvrzFF+82XPvCS8T9TFleVJw==}
    engines: {node: ^10 || ^12 || >=14}
    dependencies:
      nanoid: 3.1.29
      picocolors: 0.2.1
      source-map-js: 0.6.2
    dev: true

  /prettier-plugin-svelte/2.5.0_prettier@2.5.0+svelte@3.44.2:
    resolution: {integrity: sha512-+iHY2uGChOngrgKielJUnqo74gIL/EO5oeWm8MftFWjEi213lq9QYTOwm1pv4lI1nA61tdgf80CF2i5zMcu1kw==}
    peerDependencies:
      prettier: ^1.16.4 || ^2.0.0
      svelte: ^3.2.0
    dependencies:
      prettier: 2.5.0
      svelte: 3.44.2
    dev: true

  /prettier/2.5.0:
    resolution: {integrity: sha512-FM/zAKgWTxj40rH03VxzIPdXmj39SwSjwG0heUcNFwI+EMZJnY93yAiKXM3dObIKAM5TA88werc8T/EwhB45eg==}
    engines: {node: '>=10.13.0'}
    hasBin: true
    dev: true

  /require-relative/0.8.7:
    resolution: {integrity: sha1-eZlTn8ngR6N5KPoZb44VY9q9Nt4=}
    dev: true

  /resolve/1.20.0:
    resolution: {integrity: sha512-wENBPt4ySzg4ybFQW2TT1zMQucPK95HSh/nq2CFTZVOGut2+pQvSsgtda4d26YrYcr067wjbmzOG8byDPBX63A==}
    dependencies:
      is-core-module: 2.7.0
      path-parse: 1.0.7
    dev: true

  /rollup/2.58.0:
    resolution: {integrity: sha512-NOXpusKnaRpbS7ZVSzcEXqxcLDOagN6iFS8p45RkoiMqPHDLwJm758UF05KlMoCRbLBTZsPOIa887gZJ1AiXvw==}
    engines: {node: '>=10.0.0'}
    hasBin: true
    optionalDependencies:
      fsevents: 2.3.2
    dev: true

  /sade/1.7.4:
    resolution: {integrity: sha512-y5yauMD93rX840MwUJr7C1ysLFBgMspsdTo4UVrDg3fXDvtwOyIqykhVAAm6fk/3au77773itJStObgK+LKaiA==}
    engines: {node: '>= 6'}
    dependencies:
      mri: 1.2.0
    dev: true

  /source-map-js/0.6.2:
    resolution: {integrity: sha512-/3GptzWzu0+0MBQFrDKzw/DvvMTUORvgY6k6jd/VS6iCR4RDTKWH6v6WPwQoUO8667uQEf9Oe38DxAYWY5F/Ug==}
    engines: {node: '>=0.10.0'}
    dev: true

  /sourcemap-codec/1.4.8:
    resolution: {integrity: sha512-9NykojV5Uih4lgo5So5dtw+f0JgJX30KCNI8gwhz2J9A15wD0Ml6tjHKwf6fTSa6fAdVBdZeNOs9eJ71qCk8vA==}
    dev: true

  /svelte-hmr/0.14.7_svelte@3.44.2:
    resolution: {integrity: sha512-pDrzgcWSoMaK6AJkBWkmgIsecW0GChxYZSZieIYfCP0v2oPyx2CYU/zm7TBIcjLVUPP714WxmViE9Thht4etog==}
    peerDependencies:
      svelte: '>=3.19.0'
    dependencies:
      svelte: 3.44.2
    dev: true

  /svelte/3.44.2:
    resolution: {integrity: sha512-jrZhZtmH3ZMweXg1Q15onb8QlWD+a5T5Oca4C1jYvSURp2oD35h4A5TV6t6MEa93K4LlX6BkafZPdQoFjw/ylA==}
    engines: {node: '>= 8'}
    dev: true

  /vite/2.6.13:
    resolution: {integrity: sha512-+tGZ1OxozRirTudl4M3N3UTNJOlxdVo/qBl2IlDEy/ZpTFcskp+k5ncNjayR3bRYTCbqSOFz2JWGN1UmuDMScA==}
    engines: {node: '>=12.2.0'}
    hasBin: true
    peerDependencies:
      less: '*'
      sass: '*'
      stylus: '*'
    peerDependenciesMeta:
      less:
        optional: true
      sass:
        optional: true
      stylus:
        optional: true
    dependencies:
      esbuild: 0.13.5
      postcss: 8.3.9
      resolve: 1.20.0
      rollup: 2.58.0
    optionalDependencies:
      fsevents: 2.3.2
    dev: true

  /wonka/4.0.15:
    resolution: {integrity: sha512-U0IUQHKXXn6PFo9nqsHphVCE5m3IntqZNB9Jjn7EB1lrR7YTDY3YWgFvEvwniTzXSvOH/XMzAZaIfJF/LvHYXg==}
    dev: true
